
Microsoft Visual Studio Solution File, Format Version 12.00
# Visual Studio Version 17
VisualStudioVersion = 17.4.33403.182
MinimumVisualStudioVersion = 10.0.40219.1
Project("{FAE04EC0-301F-11D3-BF4B-00C04F79EFBC}") = "track-your-goals", "track-your-goals\track-your-goals.csproj", "{7871B6BE-F762-4D80-A876-290F6511B4F8}"
EndProject
Global
	GlobalSection(SolutionConfigurationPlatforms) = preSolution
		Debug|Any CPU = Debug|Any CPU
		Release|Any CPU = Release|Any CPU
	EndGlobalSection
	GlobalSection(ProjectConfigurationPlatforms) = postSolution
		{7871B6BE-F762-4D80-A876-290F6511B4F8}.Debug|Any CPU.ActiveCfg = Debug|Any CPU
		{7871B6BE-F762-4D80-A876-290F6511B4F8}.Debug|Any CPU.Build.0 = Debug|Any CPU
		{7871B6BE-F762-4D80-A876-290F6511B4F8}.Release|Any CPU.ActiveCfg = Release|Any CPU
		{7871B6BE-F762-4D80-A876-290F6511B4F8}.Release|Any CPU.Build.0 = Release|Any CPU
	EndGlobalSection
	GlobalSection(SolutionProperties) = preSolution
		HideSolutionNode = FALSE
	EndGlobalSection
	GlobalSection(ExtensibilityGlobals) = postSolution
		SolutionGuid = {1A6ADDC1-1F54-4AE4-9965-2619CBBB455D}
	EndGlobalSection
EndGlobal
